
Microsoft Visual Studio Solution File, Format Version 12.00
# Visual Studio Version 17
VisualStudioVersion = 17.3.32819.101
MinimumVisualStudioVersion = 10.0.40219.1
Project("{FAE04EC0-301F-11D3-BF4B-00C04F79EFBC}") = "Rice", "Rice\Rice.csproj", "{26571D7C-B4B3-406A-8011-EE82845CCFBB}"
EndProject
Global
	GlobalSection(SolutionConfigurationPlatforms) = preSolution
		Debug|Any CPU = Debug|Any CPU
		Release|Any CPU = Release|Any CPU
	EndGlobalSection
	GlobalSection(ProjectConfigurationPlatforms) = postSolution
		{26571D7C-B4B3-406A-8011-EE82845CCFBB}.Debug|Any CPU.ActiveCfg = Debug|Any CPU
		{26571D7C-B4B3-406A-8011-EE82845CCFBB}.Debug|Any CPU.Build.0 = Debug|Any CPU
		{26571D7C-B4B3-406A-8011-EE82845CCFBB}.Release|Any CPU.ActiveCfg = Release|Any CPU
		{26571D7C-B4B3-406A-8011-EE82845CCFBB}.Release|Any CPU.Build.0 = Release|Any CPU
	EndGlobalSection
	GlobalSection(SolutionProperties) = preSolution
		HideSolutionNode = FALSE
	EndGlobalSection
	GlobalSection(ExtensibilityGlobals) = postSolution
		SolutionGuid = {9E6F6A40-C849-4FBD-B4CC-1186E66509DA}
	EndGlobalSection
EndGlobal
